
Microsoft Visual Studio Solution File, Format Version 12.00
# Visual Studio Version 17
VisualStudioVersion = 17.8.34525.116
MinimumVisualStudioVersion = 10.0.40219.1
Project("{FAE04EC0-301F-11D3-BF4B-00C04F79EFBC}") = "WebApplication1", "WebApplication1\WebApplication1.csproj", "{9DDCD22B-584D-49DF-A795-0B1D716922AD}"
EndProject
Global
	GlobalSection(SolutionConfigurationPlatforms) = preSolution
		Debug|Any CPU = Debug|Any CPU
		Release|Any CPU = Release|Any CPU
	EndGlobalSection
	GlobalSection(ProjectConfigurationPlatforms) = postSolution
		{9DDCD22B-584D-49DF-A795-0B1D716922AD}.Debug|Any CPU.ActiveCfg = Debug|Any CPU
		{9DDCD22B-584D-49DF-A795-0B1D716922AD}.Debug|Any CPU.Build.0 = Debug|Any CPU
		{9DDCD22B-584D-49DF-A795-0B1D716922AD}.Release|Any CPU.ActiveCfg = Release|Any CPU
		{9DDCD22B-584D-49DF-A795-0B1D716922AD}.Release|Any CPU.Build.0 = Release|Any CPU
	EndGlobalSection
	GlobalSection(SolutionProperties) = preSolution
		HideSolutionNode = FALSE
	EndGlobalSection
	GlobalSection(ExtensibilityGlobals) = postSolution
		SolutionGuid = {401CFAB7-B6A5-429C-9969-E1B037B610F1}
	EndGlobalSection
EndGlobal
